
Microsoft Visual Studio Solution File, Format Version 12.00
# Visual Studio 15
VisualStudioVersion = 15.0.34112.143
MinimumVisualStudioVersion = 10.0.40219.1
Project("{FAE04EC0-301F-11D3-BF4B-00C04F79EFBC}") = "MovieWedsite", "MovieWedsite\MovieWedsite.csproj", "{934500F9-F44A-4B83-AE44-8B9B5D94E92E}"
EndProject
Global
	GlobalSection(SolutionConfigurationPlatforms) = preSolution
		Debug|Any CPU = Debug|Any CPU
		Release|Any CPU = Release|Any CPU
	EndGlobalSection
	GlobalSection(ProjectConfigurationPlatforms) = postSolution
		{934500F9-F44A-4B83-AE44-8B9B5D94E92E}.Debug|Any CPU.ActiveCfg = Debug|Any CPU
		{934500F9-F44A-4B83-AE44-8B9B5D94E92E}.Debug|Any CPU.Build.0 = Debug|Any CPU
		{934500F9-F44A-4B83-AE44-8B9B5D94E92E}.Release|Any CPU.ActiveCfg = Release|Any CPU
		{934500F9-F44A-4B83-AE44-8B9B5D94E92E}.Release|Any CPU.Build.0 = Release|Any CPU
	EndGlobalSection
	GlobalSection(SolutionProperties) = preSolution
		HideSolutionNode = FALSE
	EndGlobalSection
	GlobalSection(ExtensibilityGlobals) = postSolution
		SolutionGuid = {EBCC7C57-A69C-453F-B61C-4644B052DF27}
	EndGlobalSection
EndGlobal
